
Microsoft Visual Studio Solution File, Format Version 12.00
# Visual Studio Version 16
VisualStudioVersion = 16.0.30907.101
MinimumVisualStudioVersion = 10.0.40219.1
Project("{FAE04EC0-301F-11D3-BF4B-00C04F79EFBC}") = "Files_ReadingCSV", "Files_ReadingCSV\Files_ReadingCSV.csproj", "{F96C1C51-2570-4BFE-8986-3AD4D4E970EB}"
EndProject
Global
	GlobalSection(SolutionConfigurationPlatforms) = preSolution
		Debug|Any CPU = Debug|Any CPU
		Release|Any CPU = Release|Any CPU
	EndGlobalSection
	GlobalSection(ProjectConfigurationPlatforms) = postSolution
		{F96C1C51-2570-4BFE-8986-3AD4D4E970EB}.Debug|Any CPU.ActiveCfg = Debug|Any CPU
		{F96C1C51-2570-4BFE-8986-3AD4D4E970EB}.Debug|Any CPU.Build.0 = Debug|Any CPU
		{F96C1C51-2570-4BFE-8986-3AD4D4E970EB}.Release|Any CPU.ActiveCfg = Release|Any CPU
		{F96C1C51-2570-4BFE-8986-3AD4D4E970EB}.Release|Any CPU.Build.0 = Release|Any CPU
	EndGlobalSection
	GlobalSection(SolutionProperties) = preSolution
		HideSolutionNode = FALSE
	EndGlobalSection
	GlobalSection(ExtensibilityGlobals) = postSolution
		SolutionGuid = {6F6599D7-3C45-46C6-8A62-856F2001325C}
	EndGlobalSection
EndGlobal
